
Microsoft Visual Studio Solution File, Format Version 12.00
# Visual Studio Version 16
VisualStudioVersion = 16.0.30523.141
MinimumVisualStudioVersion = 10.0.40219.1
Project("{9A19103F-16F7-4668-BE54-9A1E7A4F7556}") = "eShopSolution.Web", "eShopSolution.Web\eShopSolution.Web.csproj", "{D3E634C4-BA2E-4F0F-85A3-FC94CEB1E791}"
EndProject
Project("{2150E333-8FDC-42A3-9474-1A3956D46DE8}") = "Solution Items", "Solution Items", "{239A8075-B671-4581-AFFC-18F5F5EAF676}"
	ProjectSection(SolutionItems) = preProject
		README.md = README.md
	EndProjectSection
EndProject
Global
	GlobalSection(SolutionConfigurationPlatforms) = preSolution
		Debug|Any CPU = Debug|Any CPU
		Release|Any CPU = Release|Any CPU
	EndGlobalSection
	GlobalSection(ProjectConfigurationPlatforms) = postSolution
		{D3E634C4-BA2E-4F0F-85A3-FC94CEB1E791}.Debug|Any CPU.ActiveCfg = Debug|Any CPU
		{D3E634C4-BA2E-4F0F-85A3-FC94CEB1E791}.Debug|Any CPU.Build.0 = Debug|Any CPU
		{D3E634C4-BA2E-4F0F-85A3-FC94CEB1E791}.Release|Any CPU.ActiveCfg = Release|Any CPU
		{D3E634C4-BA2E-4F0F-85A3-FC94CEB1E791}.Release|Any CPU.Build.0 = Release|Any CPU
	EndGlobalSection
	GlobalSection(SolutionProperties) = preSolution
		HideSolutionNode = FALSE
	EndGlobalSection
	GlobalSection(ExtensibilityGlobals) = postSolution
		SolutionGuid = {C4FB0C00-3D6B-48F0-9865-44DC93FBE9B7}
	EndGlobalSection
EndGlobal
